// !$*UTF8*$!
{
	archiveVersion = 1;
	classes = {
	};
	objectVersion = 46;
	objects = {

/* Begin PBXBuildFile section */
		28023B5716C0D9EE004C9E8A /* UIKit.framework in Frameworks */ = {isa = PBXBuildFile; fileRef = 28023B5616C0D9EE004C9E8A /* UIKit.framework */; };
		28023B5916C0D9EE004C9E8A /* Foundation.framework in Frameworks */ = {isa = PBXBuildFile; fileRef = 28023B5816C0D9EE004C9E8A /* Foundation.framework */; };
		28023B5B16C0D9EE004C9E8A /* CoreGraphics.framework in Frameworks */ = {isa = PBXBuildFile; fileRef = 28023B5A16C0D9EE004C9E8A /* CoreGraphics.framework */; };
		28023B5D16C0D9EE004C9E8A /* CoreData.framework in Frameworks */ = {isa = PBXBuildFile; fileRef = 28023B5C16C0D9EE004C9E8A /* CoreData.framework */; };
		28023B6316C0D9EE004C9E8A /* InfoPlist.strings in Resources */ = {isa = PBXBuildFile; fileRef = 28023B6116C0D9EE004C9E8A /* InfoPlist.strings */; };
		28023B6516C0D9EE004C9E8A /* main.m in Sources */ = {isa = PBXBuildFile; fileRef = 28023B6416C0D9EE004C9E8A /* main.m */; };
		28023B6916C0D9EF004C9E8A /* AppDelegate.m in Sources */ = {isa = PBXBuildFile; fileRef = 28023B6816C0D9EF004C9E8A /* AppDelegate.m */; };
		28023B6B16C0D9EF004C9E8A /* Default.png in Resources */ = {isa = PBXBuildFile; fileRef = 28023B6A16C0D9EF004C9E8A /* Default.png */; };
		28023B6D16C0D9EF004C9E8A /* Default@2x.png in Resources */ = {isa = PBXBuildFile; fileRef = 28023B6C16C0D9EF004C9E8A /* Default@2x.png */; };
		28023B6F16C0D9EF004C9E8A /* Default-568h@2x.png in Resources */ = {isa = PBXBuildFile; fileRef = 28023B6E16C0D9EF004C9E8A /* Default-568h@2x.png */; };
		28023B7216C0D9EF004C9E8A /* LockBox.xcdatamodeld in Sources */ = {isa = PBXBuildFile; fileRef = 28023B7016C0D9EF004C9E8A /* LockBox.xcdatamodeld */; };
		280C30F216C6FF67008E572D /* LockboxTableViewCell.m in Sources */ = {isa = PBXBuildFile; fileRef = 280C30F116C6FF67008E572D /* LockboxTableViewCell.m */; };
		280C30F316C70287008E572D /* SFHFKeychainUtils.m in Sources */ = {isa = PBXBuildFile; fileRef = 280C30EF16C6FC1C008E572D /* SFHFKeychainUtils.m */; settings = {COMPILER_FLAGS = "-fno-objc-arc"; }; };
		280C30F516C702F5008E572D /* Security.framework in Frameworks */ = {isa = PBXBuildFile; fileRef = 280C30F416C702F4008E572D /* Security.framework */; };
		2841A5EF16C1DD69001B6F10 /* LockBox.m in Sources */ = {isa = PBXBuildFile; fileRef = 2841A5EE16C1DD69001B6F10 /* LockBox.m */; };
		2841A5F216C1E4C0001B6F10 /* LockBoxListViewController.m in Sources */ = {isa = PBXBuildFile; fileRef = 2841A5F116C1E4C0001B6F10 /* LockBoxListViewController.m */; };
		2896C15D16C6274400A744CA /* GCPINViewController.m in Sources */ = {isa = PBXBuildFile; fileRef = 2896C15816C6274300A744CA /* GCPINViewController.m */; };
		2896C15E16C6274400A744CA /* GCPINViewController~ipad.xib in Resources */ = {isa = PBXBuildFile; fileRef = 2896C15916C6274400A744CA /* GCPINViewController~ipad.xib */; };
		2896C15F16C6274400A744CA /* GCPINViewController~iphone.xib in Resources */ = {isa = PBXBuildFile; fileRef = 2896C15A16C6274400A744CA /* GCPINViewController~iphone.xib */; };
		2896C16016C6274400A744CA /* PINBox.png in Resources */ = {isa = PBXBuildFile; fileRef = 2896C15B16C6274400A744CA /* PINBox.png */; };
		2896C16116C6274400A744CA /* PINBox@2x.png in Resources */ = {isa = PBXBuildFile; fileRef = 2896C15C16C6274400A744CA /* PINBox@2x.png */; };
		289D517F16C8750200AEC353 /* unlocked.png in Resources */ = {isa = PBXBuildFile; fileRef = 289D517D16C8750200AEC353 /* unlocked.png */; };
		289D518016C8750200AEC353 /* locked.png in Resources */ = {isa = PBXBuildFile; fileRef = 289D517E16C8750200AEC353 /* locked.png */; };
		28C02DEF16C975100081ED83 /* AddLockboxViewController.m in Sources */ = {isa = PBXBuildFile; fileRef = 28C02DEE16C975100081ED83 /* AddLockboxViewController.m */; };
/* End PBXBuildFile section */

/* Begin PBXFileReference section */
		28023B5316C0D9EE004C9E8A /* LockBox.app */ = {isa = PBXFileReference; explicitFileType = wrapper.application; includeInIndex = 0; path = LockBox.app; sourceTree = BUILT_PRODUCTS_DIR; };
		28023B5616C0D9EE004C9E8A /* UIKit.framework */ = {isa = PBXFileReference; lastKnownFileType = wrapper.framework; name = UIKit.framework; path = System/Library/Frameworks/UIKit.framework; sourceTree = SDKROOT; };
		28023B5816C0D9EE004C9E8A /* Foundation.framework */ = {isa = PBXFileReference; lastKnownFileType = wrapper.framework; name = Foundation.framework; path = System/Library/Frameworks/Foundation.framework; sourceTree = SDKROOT; };
		28023B5A16C0D9EE004C9E8A /* CoreGraphics.framework */ = {isa = PBXFileReference; lastKnownFileType = wrapper.framework; name = CoreGraphics.framework; path = System/Library/Frameworks/CoreGraphics.framework; sourceTree = SDKROOT; };
		28023B5C16C0D9EE004C9E8A /* CoreData.framework */ = {isa = PBXFileReference; lastKnownFileType = wrapper.framework; name = CoreData.framework; path = System/Library/Frameworks/CoreData.framework; sourceTree = SDKROOT; };
		28023B6016C0D9EE004C9E8A /* LockBox-Info.plist */ = {isa = PBXFileReference; lastKnownFileType = text.plist.xml; path = "LockBox-Info.plist"; sourceTree = "<group>"; };
		28023B6216C0D9EE004C9E8A /* en */ = {isa = PBXFileReference; lastKnownFileType = text.plist.strings; name = en; path = en.lproj/InfoPlist.strings; sourceTree = "<group>"; };
		28023B6416C0D9EE004C9E8A /* main.m */ = {isa = PBXFileReference; lastKnownFileType = sourcecode.c.objc; path = main.m; sourceTree = "<group>"; };
		28023B6616C0D9EE004C9E8A /* LockBox-Prefix.pch */ = {isa = PBXFileReference; lastKnownFileType = sourcecode.c.h; path = "LockBox-Prefix.pch"; sourceTree = "<group>"; };
		28023B6716C0D9EE004C9E8A /* AppDelegate.h */ = {isa = PBXFileReference; lastKnownFileType = sourcecode.c.h; path = AppDelegate.h; sourceTree = "<group>"; };
		28023B6816C0D9EF004C9E8A /* AppDelegate.m */ = {isa = PBXFileReference; lastKnownFileType = sourcecode.c.objc; path = AppDelegate.m; sourceTree = "<group>"; };
		28023B6A16C0D9EF004C9E8A /* Default.png */ = {isa = PBXFileReference; lastKnownFileType = image.png; path = Default.png; sourceTree = "<group>"; };
		28023B6C16C0D9EF004C9E8A /* Default@2x.png */ = {isa = PBXFileReference; lastKnownFileType = image.png; path = "Default@2x.png"; sourceTree = "<group>"; };
		28023B6E16C0D9EF004C9E8A /* Default-568h@2x.png */ = {isa = PBXFileReference; lastKnownFileType = image.png; path = "Default-568h@2x.png"; sourceTree = "<group>"; };
		28023B7116C0D9EF004C9E8A /* LockBox.xcdatamodel */ = {isa = PBXFileReference; lastKnownFileType = wrapper.xcdatamodel; path = LockBox.xcdatamodel; sourceTree = "<group>"; };
		280C30EE16C6FC1C008E572D /* SFHFKeychainUtils.h */ = {isa = PBXFileReference; lastKnownFileType = sourcecode.c.h; path = SFHFKeychainUtils.h; sourceTree = "<group>"; };
		280C30EF16C6FC1C008E572D /* SFHFKeychainUtils.m */ = {isa = PBXFileReference; lastKnownFileType = sourcecode.c.objc; path = SFHFKeychainUtils.m; sourceTree = "<group>"; };
		280C30F016C6FF67008E572D /* LockboxTableViewCell.h */ = {isa = PBXFileReference; fileEncoding = 4; lastKnownFileType = sourcecode.c.h; path = LockboxTableViewCell.h; sourceTree = "<group>"; };
		280C30F116C6FF67008E572D /* LockboxTableViewCell.m */ = {isa = PBXFileReference; fileEncoding = 4; lastKnownFileType = sourcecode.c.objc; path = LockboxTableViewCell.m; sourceTree = "<group>"; };
		280C30F416C702F4008E572D /* Security.framework */ = {isa = PBXFileReference; lastKnownFileType = wrapper.framework; name = Security.framework; path = System/Library/Frameworks/Security.framework; sourceTree = SDKROOT; };
		2841A5ED16C1DD69001B6F10 /* LockBox.h */ = {isa = PBXFileReference; fileEncoding = 4; lastKnownFileType = sourcecode.c.h; path = LockBox.h; sourceTree = "<group>"; };
		2841A5EE16C1DD69001B6F10 /* LockBox.m */ = {isa = PBXFileReference; fileEncoding = 4; lastKnownFileType = sourcecode.c.objc; path = LockBox.m; sourceTree = "<group>"; };
		2841A5F016C1E4C0001B6F10 /* LockBoxListViewController.h */ = {isa = PBXFileReference; fileEncoding = 4; lastKnownFileType = sourcecode.c.h; path = LockBoxListViewController.h; sourceTree = "<group>"; };
		2841A5F116C1E4C0001B6F10 /* LockBoxListViewController.m */ = {isa = PBXFileReference; fileEncoding = 4; lastKnownFileType = sourcecode.c.objc; path = LockBoxListViewController.m; sourceTree = "<group>"; };
		2896C15716C6274300A744CA /* GCPINViewController.h */ = {isa = PBXFileReference; fileEncoding = 4; lastKnownFileType = sourcecode.c.h; path = GCPINViewController.h; sourceTree = "<group>"; };
		2896C15816C6274300A744CA /* GCPINViewController.m */ = {isa = PBXFileReference; fileEncoding = 4; lastKnownFileType = sourcecode.c.objc; path = GCPINViewController.m; sourceTree = "<group>"; };
		2896C15916C6274400A744CA /* GCPINViewController~ipad.xib */ = {isa = PBXFileReference; fileEncoding = 4; lastKnownFileType = file.xib; path = "GCPINViewController~ipad.xib"; sourceTree = "<group>"; };
		2896C15A16C6274400A744CA /* GCPINViewController~iphone.xib */ = {isa = PBXFileReference; fileEncoding = 4; lastKnownFileType = file.xib; path = "GCPINViewController~iphone.xib"; sourceTree = "<group>"; };
		2896C15B16C6274400A744CA /* PINBox.png */ = {isa = PBXFileReference; lastKnownFileType = image.png; path = PINBox.png; sourceTree = "<group>"; };
		2896C15C16C6274400A744CA /* PINBox@2x.png */ = {isa = PBXFileReference; lastKnownFileType = image.png; path = "PINBox@2x.png"; sourceTree = "<group>"; };
		289D517D16C8750200AEC353 /* unlocked.png */ = {isa = PBXFileReference; lastKnownFileType = image.png; path = unlocked.png; sourceTree = "<group>"; };
		289D517E16C8750200AEC353 /* locked.png */ = {isa = PBXFileReference; lastKnownFileType = image.png; path = locked.png; sourceTree = "<group>"; };
		28C02DED16C975100081ED83 /* AddLockboxViewController.h */ = {isa = PBXFileReference; fileEncoding = 4; lastKnownFileType = sourcecode.c.h; name = AddLockboxViewController.h; path = ../AddLockboxViewController.h; sourceTree = "<group>"; };
		28C02DEE16C975100081ED83 /* AddLockboxViewController.m */ = {isa = PBXFileReference; fileEncoding = 4; lastKnownFileType = sourcecode.c.objc; name = AddLockboxViewController.m; path = ../AddLockboxViewController.m; sourceTree = "<group>"; };
/* End PBXFileReference section */

/* Begin PBXFrameworksBuildPhase section */
		28023B5016C0D9EE004C9E8A /* Frameworks */ = {
			isa = PBXFrameworksBuildPhase;
			buildActionMask = 2147483647;
			files = (
				280C30F516C702F5008E572D /* Security.framework in Frameworks */,
				28023B5716C0D9EE004C9E8A /* UIKit.framework in Frameworks */,
				28023B5916C0D9EE004C9E8A /* Foundation.framework in Frameworks */,
				28023B5B16C0D9EE004C9E8A /* CoreGraphics.framework in Frameworks */,
				28023B5D16C0D9EE004C9E8A /* CoreData.framework in Frameworks */,
			);
			runOnlyForDeploymentPostprocessing = 0;
		};
/* End PBXFrameworksBuildPhase section */

/* Begin PBXGroup section */
		28023B4A16C0D9EE004C9E8A = {
			isa = PBXGroup;
			children = (
				28023B5E16C0D9EE004C9E8A /* LockBox */,
				28023B5516C0D9EE004C9E8A /* Frameworks */,
				28023B5416C0D9EE004C9E8A /* Products */,
			);
			sourceTree = "<group>";
		};
		28023B5416C0D9EE004C9E8A /* Products */ = {
			isa = PBXGroup;
			children = (
				28023B5316C0D9EE004C9E8A /* LockBox.app */,
			);
			name = Products;
			sourceTree = "<group>";
		};
		28023B5516C0D9EE004C9E8A /* Frameworks */ = {
			isa = PBXGroup;
			children = (
				280C30F416C702F4008E572D /* Security.framework */,
				28023B5616C0D9EE004C9E8A /* UIKit.framework */,
				28023B5816C0D9EE004C9E8A /* Foundation.framework */,
				28023B5A16C0D9EE004C9E8A /* CoreGraphics.framework */,
				28023B5C16C0D9EE004C9E8A /* CoreData.framework */,
			);
			name = Frameworks;
			sourceTree = "<group>";
		};
		28023B5E16C0D9EE004C9E8A /* LockBox */ = {
			isa = PBXGroup;
			children = (
				2896C15616C6273A00A744CA /* PinView */,
				28C02DED16C975100081ED83 /* AddLockboxViewController.h */,
				28C02DEE16C975100081ED83 /* AddLockboxViewController.m */,
				28023B6716C0D9EE004C9E8A /* AppDelegate.h */,
				28023B6816C0D9EF004C9E8A /* AppDelegate.m */,
				28023B7016C0D9EF004C9E8A /* LockBox.xcdatamodeld */,
				2841A5ED16C1DD69001B6F10 /* LockBox.h */,
				2841A5EE16C1DD69001B6F10 /* LockBox.m */,
				2841A5F016C1E4C0001B6F10 /* LockBoxListViewController.h */,
				2841A5F116C1E4C0001B6F10 /* LockBoxListViewController.m */,
				280C30F016C6FF67008E572D /* LockboxTableViewCell.h */,
				280C30F116C6FF67008E572D /* LockboxTableViewCell.m */,
				289D517D16C8750200AEC353 /* unlocked.png */,
				289D517E16C8750200AEC353 /* locked.png */,
				28023B5F16C0D9EE004C9E8A /* Supporting Files */,
			);
			path = LockBox;
			sourceTree = "<group>";
		};
		28023B5F16C0D9EE004C9E8A /* Supporting Files */ = {
			isa = PBXGroup;
			children = (
				280C30EE16C6FC1C008E572D /* SFHFKeychainUtils.h */,
				280C30EF16C6FC1C008E572D /* SFHFKeychainUtils.m */,
				28023B6016C0D9EE004C9E8A /* LockBox-Info.plist */,
				28023B6116C0D9EE004C9E8A /* InfoPlist.strings */,
				28023B6416C0D9EE004C9E8A /* main.m */,
				28023B6616C0D9EE004C9E8A /* LockBox-Prefix.pch */,
				28023B6A16C0D9EF004C9E8A /* Default.png */,
				28023B6C16C0D9EF004C9E8A /* Default@2x.png */,
				28023B6E16C0D9EF004C9E8A /* Default-568h@2x.png */,
			);
			name = "Supporting Files";
			sourceTree = "<group>";
		};
		2896C15616C6273A00A744CA /* PinView */ = {
			isa = PBXGroup;
			children = (
				2896C15716C6274300A744CA /* GCPINViewController.h */,
				2896C15816C6274300A744CA /* GCPINViewController.m */,
				2896C15916C6274400A744CA /* GCPINViewController~ipad.xib */,
				2896C15A16C6274400A744CA /* GCPINViewController~iphone.xib */,
				2896C15B16C6274400A744CA /* PINBox.png */,
				2896C15C16C6274400A744CA /* PINBox@2x.png */,
			);
			name = PinView;
			sourceTree = "<group>";
		};
/* End PBXGroup section */

/* Begin PBXNativeTarget section */
		28023B5216C0D9EE004C9E8A /* LockBox */ = {
			isa = PBXNativeTarget;
			buildConfigurationList = 28023B7516C0D9EF004C9E8A /* Build configuration list for PBXNativeTarget "LockBox" */;
			buildPhases = (
				28023B4F16C0D9EE004C9E8A /* Sources */,
				28023B5016C0D9EE004C9E8A /* Frameworks */,
				28023B5116C0D9EE004C9E8A /* Resources */,
			);
			buildRules = (
			);
			dependencies = (
			);
			name = LockBox;
			productName = LockBox;
			productReference = 28023B5316C0D9EE004C9E8A /* LockBox.app */;
			productType = "com.apple.product-type.application";
		};
/* End PBXNativeTarget section */

/* Begin PBXProject section */
		28023B4B16C0D9EE004C9E8A /* Project object */ = {
			isa = PBXProject;
			attributes = {
				LastUpgradeCheck = 0460;
				ORGANIZATIONNAME = "Mason Silber";
			};
			buildConfigurationList = 28023B4E16C0D9EE004C9E8A /* Build configuration list for PBXProject "LockBox" */;
			compatibilityVersion = "Xcode 3.2";
			developmentRegion = English;
			hasScannedForEncodings = 0;
			knownRegions = (
				en,
			);
			mainGroup = 28023B4A16C0D9EE004C9E8A;
			productRefGroup = 28023B5416C0D9EE004C9E8A /* Products */;
			projectDirPath = "";
			projectRoot = "";
			targets = (
				28023B5216C0D9EE004C9E8A /* LockBox */,
			);
		};
/* End PBXProject section */

/* Begin PBXResourcesBuildPhase section */
		28023B5116C0D9EE004C9E8A /* Resources */ = {
			isa = PBXResourcesBuildPhase;
			buildActionMask = 2147483647;
			files = (
				28023B6316C0D9EE004C9E8A /* InfoPlist.strings in Resources */,
				28023B6B16C0D9EF004C9E8A /* Default.png in Resources */,
				28023B6D16C0D9EF004C9E8A /* Default@2x.png in Resources */,
				28023B6F16C0D9EF004C9E8A /* Default-568h@2x.png in Resources */,
				2896C15E16C6274400A744CA /* GCPINViewController~ipad.xib in Resources */,
				2896C15F16C6274400A744CA /* GCPINViewController~iphone.xib in Resources */,
				2896C16016C6274400A744CA /* PINBox.png in Resources */,
				2896C16116C6274400A744CA /* PINBox@2x.png in Resources */,
				289D517F16C8750200AEC353 /* unlocked.png in Resources */,
				289D518016C8750200AEC353 /* locked.png in Resources */,
			);
			runOnlyForDeploymentPostprocessing = 0;
		};
/* End PBXResourcesBuildPhase section */

/* Begin PBXSourcesBuildPhase section */
		28023B4F16C0D9EE004C9E8A /* Sources */ = {
			isa = PBXSourcesBuildPhase;
			buildActionMask = 2147483647;
			files = (
				280C30F316C70287008E572D /* SFHFKeychainUtils.m in Sources */,
				28023B6516C0D9EE004C9E8A /* main.m in Sources */,
				28023B6916C0D9EF004C9E8A /* AppDelegate.m in Sources */,
				28023B7216C0D9EF004C9E8A /* LockBox.xcdatamodeld in Sources */,
				2841A5EF16C1DD69001B6F10 /* LockBox.m in Sources */,
				2841A5F216C1E4C0001B6F10 /* LockBoxListViewController.m in Sources */,
				2896C15D16C6274400A744CA /* GCPINViewController.m in Sources */,
				280C30F216C6FF67008E572D /* LockboxTableViewCell.m in Sources */,
				28C02DEF16C975100081ED83 /* AddLockboxViewController.m in Sources */,
			);
			runOnlyForDeploymentPostprocessing = 0;
		};
/* End PBXSourcesBuildPhase section */

/* Begin PBXVariantGroup section */
		28023B6116C0D9EE004C9E8A /* InfoPlist.strings */ = {
			isa = PBXVariantGroup;
			children = (
				28023B6216C0D9EE004C9E8A /* en */,
			);
			name = InfoPlist.strings;
			sourceTree = "<group>";
		};
/* End PBXVariantGroup section */

/* Begin XCBuildConfiguration section */
		28023B7316C0D9EF004C9E8A /* Debug */ = {
			isa = XCBuildConfiguration;
			buildSettings = {
				ALWAYS_SEARCH_USER_PATHS = NO;
				CLANG_CXX_LANGUAGE_STANDARD = "gnu++0x";
				CLANG_CXX_LIBRARY = "libc++";
				CLANG_ENABLE_OBJC_ARC = YES;
				CLANG_WARN_CONSTANT_CONVERSION = YES;
				CLANG_WARN_EMPTY_BODY = YES;
				CLANG_WARN_ENUM_CONVERSION = YES;
				CLANG_WARN_INT_CONVERSION = YES;
				CLANG_WARN__DUPLICATE_METHOD_MATCH = YES;
				"CODE_SIGN_IDENTITY[sdk=iphoneos*]" = "iPhone Developer";
				COPY_PHASE_STRIP = NO;
				GCC_C_LANGUAGE_STANDARD = gnu99;
				GCC_DYNAMIC_NO_PIC = NO;
				GCC_OPTIMIZATION_LEVEL = 0;
				GCC_PREPROCESSOR_DEFINITIONS = (
					"DEBUG=1",
					"$(inherited)",
				);
				GCC_SYMBOLS_PRIVATE_EXTERN = NO;
				GCC_WARN_ABOUT_RETURN_TYPE = YES;
				GCC_WARN_UNINITIALIZED_AUTOS = YES;
				GCC_WARN_UNUSED_VARIABLE = YES;
				IPHONEOS_DEPLOYMENT_TARGET = 6.1;
				ONLY_ACTIVE_ARCH = YES;
				SDKROOT = iphoneos;
			};
			name = Debug;
		};
		28023B7416C0D9EF004C9E8A /* Release */ = {
			isa = XCBuildConfiguration;
			buildSettings = {
				ALWAYS_SEARCH_USER_PATHS = NO;
				CLANG_CXX_LANGUAGE_STANDARD = "gnu++0x";
				CLANG_CXX_LIBRARY = "libc++";
				CLANG_ENABLE_OBJC_ARC = YES;
				CLANG_WARN_CONSTANT_CONVERSION = YES;
				CLANG_WARN_EMPTY_BODY = YES;
				CLANG_WARN_ENUM_CONVERSION = YES;
				CLANG_WARN_INT_CONVERSION = YES;
				CLANG_WARN__DUPLICATE_METHOD_MATCH = YES;
				"CODE_SIGN_IDENTITY[sdk=iphoneos*]" = "iPhone Developer";
				COPY_PHASE_STRIP = YES;
				GCC_C_LANGUAGE_STANDARD = gnu99;
				GCC_WARN_ABOUT_RETURN_TYPE = YES;
				GCC_WARN_UNINITIALIZED_AUTOS = YES;
				GCC_WARN_UNUSED_VARIABLE = YES;
				IPHONEOS_DEPLOYMENT_TARGET = 6.1;
				OTHER_CFLAGS = "-DNS_BLOCK_ASSERTIONS=1";
				SDKROOT = iphoneos;
				VALIDATE_PRODUCT = YES;
			};
			name = Release;
		};
		28023B7616C0D9EF004C9E8A /* Debug */ = {
			isa = XCBuildConfiguration;
			buildSettings = {
				GCC_PRECOMPILE_PREFIX_HEADER = YES;
				GCC_PREFIX_HEADER = "LockBox/LockBox-Prefix.pch";
				INFOPLIST_FILE = "LockBox/LockBox-Info.plist";
				PRODUCT_NAME = "$(TARGET_NAME)";
				WRAPPER_EXTENSION = app;
			};
			name = Debug;
		};
		28023B7716C0D9EF004C9E8A /* Release */ = {
			isa = XCBuildConfiguration;
			buildSettings = {
				GCC_PRECOMPILE_PREFIX_HEADER = YES;
				GCC_PREFIX_HEADER = "LockBox/LockBox-Prefix.pch";
				INFOPLIST_FILE = "LockBox/LockBox-Info.plist";
				PRODUCT_NAME = "$(TARGET_NAME)";
				WRAPPER_EXTENSION = app;
			};
			name = Release;
		};
/* End XCBuildConfiguration section */

/* Begin XCConfigurationList section */
		28023B4E16C0D9EE004C9E8A /* Build configuration list for PBXProject "LockBox" */ = {
			isa = XCConfigurationList;
			buildConfigurations = (
				28023B7316C0D9EF004C9E8A /* Debug */,
				28023B7416C0D9EF004C9E8A /* Release */,
			);
			defaultConfigurationIsVisible = 0;
			defaultConfigurationName = Release;
		};
		28023B7516C0D9EF004C9E8A /* Build configuration list for PBXNativeTarget "LockBox" */ = {
			isa = XCConfigurationList;
			buildConfigurations = (
				28023B7616C0D9EF004C9E8A /* Debug */,
				28023B7716C0D9EF004C9E8A /* Release */,
			);
			defaultConfigurationIsVisible = 0;
			defaultConfigurationName = Release;
		};
/* End XCConfigurationList section */

/* Begin XCVersionGroup section */
		28023B7016C0D9EF004C9E8A /* LockBox.xcdatamodeld */ = {
			isa = XCVersionGroup;
			children = (
				28023B7116C0D9EF004C9E8A /* LockBox.xcdatamodel */,
			);
			currentVersion = 28023B7116C0D9EF004C9E8A /* LockBox.xcdatamodel */;
			path = LockBox.xcdatamodeld;
			sourceTree = "<group>";
			versionGroupType = wrapper.xcdatamodel;
		};
/* End XCVersionGroup section */
	};
	rootObject = 28023B4B16C0D9EE004C9E8A /* Project object */;
}
